
Microsoft Visual Studio Solution File, Format Version 12.00
# Visual Studio Version 17
VisualStudioVersion = 17.0.32014.148
MinimumVisualStudioVersion = 10.0.40219.1
Project("{9A19103F-16F7-4668-BE54-9A1E7A4F7556}") = "LAMBusiness.Shared", "LAMBusiness.Shared\LAMBusiness.Shared.csproj", "{4D07C8DE-3912-4C77-AC92-01F703A2CBB7}"
EndProject
Project("{9A19103F-16F7-4668-BE54-9A1E7A4F7556}") = "LAMBusiness.Web", "LAMBusiness.Web\LAMBusiness.Web.csproj", "{DA7DC743-9E68-4729-8701-A14C03AD3680}"
EndProject
Global
	GlobalSection(SolutionConfigurationPlatforms) = preSolution
		Debug|Any CPU = Debug|Any CPU
		Release|Any CPU = Release|Any CPU
	EndGlobalSection
	GlobalSection(ProjectConfigurationPlatforms) = postSolution
		{4D07C8DE-3912-4C77-AC92-01F703A2CBB7}.Debug|Any CPU.ActiveCfg = Debug|Any CPU
		{4D07C8DE-3912-4C77-AC92-01F703A2CBB7}.Debug|Any CPU.Build.0 = Debug|Any CPU
		{4D07C8DE-3912-4C77-AC92-01F703A2CBB7}.Release|Any CPU.ActiveCfg = Release|Any CPU
		{4D07C8DE-3912-4C77-AC92-01F703A2CBB7}.Release|Any CPU.Build.0 = Release|Any CPU
		{DA7DC743-9E68-4729-8701-A14C03AD3680}.Debug|Any CPU.ActiveCfg = Debug|Any CPU
		{DA7DC743-9E68-4729-8701-A14C03AD3680}.Debug|Any CPU.Build.0 = Debug|Any CPU
		{DA7DC743-9E68-4729-8701-A14C03AD3680}.Release|Any CPU.ActiveCfg = Release|Any CPU
		{DA7DC743-9E68-4729-8701-A14C03AD3680}.Release|Any CPU.Build.0 = Release|Any CPU
	EndGlobalSection
	GlobalSection(SolutionProperties) = preSolution
		HideSolutionNode = FALSE
	EndGlobalSection
	GlobalSection(ExtensibilityGlobals) = postSolution
		SolutionGuid = {9AC0599E-380B-4A77-9EB0-AF3C5FCA72DE}
	EndGlobalSection
EndGlobal
